
Microsoft Visual Studio Solution File, Format Version 12.00
# Visual Studio Version 17
VisualStudioVersion = 17.4.33213.308
MinimumVisualStudioVersion = 10.0.40219.1
Project("{FAE04EC0-301F-11D3-BF4B-00C04F79EFBC}") = "insert data", "insert data\insert data.csproj", "{C598043C-23A1-4D51-A9CD-E5E2C7E5AA3E}"
EndProject
Global
	GlobalSection(SolutionConfigurationPlatforms) = preSolution
		Debug|Any CPU = Debug|Any CPU
		Release|Any CPU = Release|Any CPU
	EndGlobalSection
	GlobalSection(ProjectConfigurationPlatforms) = postSolution
		{C598043C-23A1-4D51-A9CD-E5E2C7E5AA3E}.Debug|Any CPU.ActiveCfg = Debug|Any CPU
		{C598043C-23A1-4D51-A9CD-E5E2C7E5AA3E}.Debug|Any CPU.Build.0 = Debug|Any CPU
		{C598043C-23A1-4D51-A9CD-E5E2C7E5AA3E}.Release|Any CPU.ActiveCfg = Release|Any CPU
		{C598043C-23A1-4D51-A9CD-E5E2C7E5AA3E}.Release|Any CPU.Build.0 = Release|Any CPU
	EndGlobalSection
	GlobalSection(SolutionProperties) = preSolution
		HideSolutionNode = FALSE
	EndGlobalSection
	GlobalSection(ExtensibilityGlobals) = postSolution
		SolutionGuid = {D5131480-D318-4CFE-A160-020087319A3A}
	EndGlobalSection
EndGlobal
