
Microsoft Visual Studio Solution File, Format Version 12.00
# Visual Studio Version 17
VisualStudioVersion = 17.4.33213.308
MinimumVisualStudioVersion = 10.0.40219.1
Project("{FAE04EC0-301F-11D3-BF4B-00C04F79EFBC}") = "cshap", "cshap\cshap.csproj", "{E52DC2B5-46C5-4CC4-844A-1F9F69E15A0D}"
EndProject
Global
	GlobalSection(SolutionConfigurationPlatforms) = preSolution
		Debug|Any CPU = Debug|Any CPU
		Release|Any CPU = Release|Any CPU
	EndGlobalSection
	GlobalSection(ProjectConfigurationPlatforms) = postSolution
		{E52DC2B5-46C5-4CC4-844A-1F9F69E15A0D}.Debug|Any CPU.ActiveCfg = Debug|Any CPU
		{E52DC2B5-46C5-4CC4-844A-1F9F69E15A0D}.Debug|Any CPU.Build.0 = Debug|Any CPU
		{E52DC2B5-46C5-4CC4-844A-1F9F69E15A0D}.Release|Any CPU.ActiveCfg = Release|Any CPU
		{E52DC2B5-46C5-4CC4-844A-1F9F69E15A0D}.Release|Any CPU.Build.0 = Release|Any CPU
	EndGlobalSection
	GlobalSection(SolutionProperties) = preSolution
		HideSolutionNode = FALSE
	EndGlobalSection
	GlobalSection(ExtensibilityGlobals) = postSolution
		SolutionGuid = {849894D8-ADB7-4137-9948-59174E9AF16E}
	EndGlobalSection
EndGlobal
